
Microsoft Visual Studio Solution File, Format Version 12.00
# Visual Studio Version 17
VisualStudioVersion = 17.0.32112.339
MinimumVisualStudioVersion = 10.0.40219.1
Project("{54A90642-561A-4BB1-A94E-469ADEE60C69}") = "TrainingAngularCSharpProject", "TrainingAngularCSharpProject\TrainingAngularCSharpProject.esproj", "{50CDE7FB-F68E-43BC-8E7C-92AB0B1A12CD}"
EndProject
Project("{FAE04EC0-301F-11D3-BF4B-00C04F79EFBC}") = "TrainingAngularCSharpAPI", "TrainingAngularCSharpAPI\TrainingAngularCSharpAPI.csproj", "{7DCDEA3D-19EE-454D-A670-9BF5F3ABCD47}"
EndProject
Global
	GlobalSection(SolutionConfigurationPlatforms) = preSolution
		Debug|Any CPU = Debug|Any CPU
		Release|Any CPU = Release|Any CPU
	EndGlobalSection
	GlobalSection(ProjectConfigurationPlatforms) = postSolution
		{50CDE7FB-F68E-43BC-8E7C-92AB0B1A12CD}.Debug|Any CPU.ActiveCfg = Debug|Any CPU
		{50CDE7FB-F68E-43BC-8E7C-92AB0B1A12CD}.Debug|Any CPU.Build.0 = Debug|Any CPU
		{50CDE7FB-F68E-43BC-8E7C-92AB0B1A12CD}.Debug|Any CPU.Deploy.0 = Debug|Any CPU
		{50CDE7FB-F68E-43BC-8E7C-92AB0B1A12CD}.Release|Any CPU.ActiveCfg = Release|Any CPU
		{50CDE7FB-F68E-43BC-8E7C-92AB0B1A12CD}.Release|Any CPU.Build.0 = Release|Any CPU
		{50CDE7FB-F68E-43BC-8E7C-92AB0B1A12CD}.Release|Any CPU.Deploy.0 = Release|Any CPU
		{7DCDEA3D-19EE-454D-A670-9BF5F3ABCD47}.Debug|Any CPU.ActiveCfg = Debug|Any CPU
		{7DCDEA3D-19EE-454D-A670-9BF5F3ABCD47}.Debug|Any CPU.Build.0 = Debug|Any CPU
		{7DCDEA3D-19EE-454D-A670-9BF5F3ABCD47}.Release|Any CPU.ActiveCfg = Release|Any CPU
		{7DCDEA3D-19EE-454D-A670-9BF5F3ABCD47}.Release|Any CPU.Build.0 = Release|Any CPU
	EndGlobalSection
	GlobalSection(SolutionProperties) = preSolution
		HideSolutionNode = FALSE
	EndGlobalSection
	GlobalSection(ExtensibilityGlobals) = postSolution
		SolutionGuid = {7E23A630-AC59-4C10-B85A-6084A8437B77}
	EndGlobalSection
EndGlobal
